// !$*UTF8*$!
{
	archiveVersion = 1;
	classes = {
	};
	objectVersion = 56;
	objects = {

/* Begin PBXBuildFile section */
		E10FAEA3298B1221005B297C /* DatesCard_Task_View.swift in Sources */ = {isa = PBXBuildFile; fileRef = E10FAEA2298B1221005B297C /* DatesCard_Task_View.swift */; };
		E10FAEA529909112005B297C /* Notes_Card_View.swift in Sources */ = {isa = PBXBuildFile; fileRef = E10FAEA429909112005B297C /* Notes_Card_View.swift */; };
		E10FAEA72990CD92005B297C /* DateCard_Routine_View.swift in Sources */ = {isa = PBXBuildFile; fileRef = E10FAEA62990CD92005B297C /* DateCard_Routine_View.swift */; };
		E11720AB291DF46D00316FBE /* DateListView.swift in Sources */ = {isa = PBXBuildFile; fileRef = E11720AA291DF46D00316FBE /* DateListView.swift */; };
		E11720AF291E05B600316FBE /* DateListRow.swift in Sources */ = {isa = PBXBuildFile; fileRef = E11720AE291E05B600316FBE /* DateListRow.swift */; };
		E11720B1291E06FF00316FBE /* TaskModel_Add.swift in Sources */ = {isa = PBXBuildFile; fileRef = E11720B0291E06FF00316FBE /* TaskModel_Add.swift */; };
		E11720B32920677900316FBE /* DatePickerSheet.swift in Sources */ = {isa = PBXBuildFile; fileRef = E11720B22920677900316FBE /* DatePickerSheet.swift */; };
		E132A98F2995B8D00093A4CD /* Calendar_Card_View.swift in Sources */ = {isa = PBXBuildFile; fileRef = E132A98E2995B8D00093A4CD /* Calendar_Card_View.swift */; };
		E132A9962995BED60093A4CD /* AWCalendar in Frameworks */ = {isa = PBXBuildFile; productRef = E132A9952995BED60093A4CD /* AWCalendar */; };
		E13410082967CD120074100B /* Header_DayOfWeekView.swift in Sources */ = {isa = PBXBuildFile; fileRef = E13410072967CD120074100B /* Header_DayOfWeekView.swift */; };
		E134100A2967CE870074100B /* Header_HabitsView.swift in Sources */ = {isa = PBXBuildFile; fileRef = E13410092967CE870074100B /* Header_HabitsView.swift */; };
		E134100C296D06DB0074100B /* Header_ScrollTabView.swift in Sources */ = {isa = PBXBuildFile; fileRef = E134100B296D06DB0074100B /* Header_ScrollTabView.swift */; };
		E13F3946293D2FE800769255 /* SubRoutineListView.swift in Sources */ = {isa = PBXBuildFile; fileRef = E13F3945293D2FE800769255 /* SubRoutineListView.swift */; };
		E13F3949293E782E00769255 /* RoutineModel_Add.swift in Sources */ = {isa = PBXBuildFile; fileRef = E13F3948293E782E00769255 /* RoutineModel_Add.swift */; };
		E13F394B293EB08E00769255 /* DurationPickerDisc.swift in Sources */ = {isa = PBXBuildFile; fileRef = E13F394A293EB08E00769255 /* DurationPickerDisc.swift */; };
		E13F394F2945624F00769255 /* RoutineDurationSheet.swift in Sources */ = {isa = PBXBuildFile; fileRef = E13F394E2945624F00769255 /* RoutineDurationSheet.swift */; };
		E13F39512945CC7A00769255 /* RoutineSchedPickerDisc.swift in Sources */ = {isa = PBXBuildFile; fileRef = E13F39502945CC7A00769255 /* RoutineSchedPickerDisc.swift */; };
		E13F3953294806A500769255 /* enumWidgets.swift in Sources */ = {isa = PBXBuildFile; fileRef = E13F3952294806A500769255 /* enumWidgets.swift */; };
		E13F3955294942F700769255 /* GenericTabView.swift in Sources */ = {isa = PBXBuildFile; fileRef = E13F3954294942F700769255 /* GenericTabView.swift */; };
		E13F395729495B6A00769255 /* SubRoutineAdderDisc.swift in Sources */ = {isa = PBXBuildFile; fileRef = E13F395629495B6A00769255 /* SubRoutineAdderDisc.swift */; };
		E13F3959294975AF00769255 /* ProjectEndDateDisc.swift in Sources */ = {isa = PBXBuildFile; fileRef = E13F3958294975AF00769255 /* ProjectEndDateDisc.swift */; };
		E13F395D294AA8D900769255 /* HabitModel.swift in Sources */ = {isa = PBXBuildFile; fileRef = E13F395C294AA8D900769255 /* HabitModel.swift */; };
		E13F3960294AABB900769255 /* FrequencyPicker.swift in Sources */ = {isa = PBXBuildFile; fileRef = E13F395F294AABB900769255 /* FrequencyPicker.swift */; };
		E14F6E4029147939009946EB /* SymbolPickerView.swift in Sources */ = {isa = PBXBuildFile; fileRef = E14F6E3F29147939009946EB /* SymbolPickerView.swift */; };
		E16BB26E28E0F25F00ABD2E0 /* NeuronApp.swift in Sources */ = {isa = PBXBuildFile; fileRef = E16BB26D28E0F25F00ABD2E0 /* NeuronApp.swift */; };
		E16BB27328E0F25F00ABD2E0 /* Neuron.xcdatamodeld in Sources */ = {isa = PBXBuildFile; fileRef = E16BB27128E0F25F00ABD2E0 /* Neuron.xcdatamodeld */; };
		E16BB27728E0F26000ABD2E0 /* Assets.xcassets in Resources */ = {isa = PBXBuildFile; fileRef = E16BB27628E0F26000ABD2E0 /* Assets.xcassets */; };
		E16BB27B28E0F26000ABD2E0 /* Preview Assets.xcassets in Resources */ = {isa = PBXBuildFile; fileRef = E16BB27A28E0F26000ABD2E0 /* Preview Assets.xcassets */; };
		E16BB28528E0F26000ABD2E0 /* NeuronTests.swift in Sources */ = {isa = PBXBuildFile; fileRef = E16BB28428E0F26000ABD2E0 /* NeuronTests.swift */; };
		E16BB28F28E0F26000ABD2E0 /* NeuronUITests.swift in Sources */ = {isa = PBXBuildFile; fileRef = E16BB28E28E0F26000ABD2E0 /* NeuronUITests.swift */; };
		E16BB29128E0F26000ABD2E0 /* NeuronUITestsLaunchTests.swift in Sources */ = {isa = PBXBuildFile; fileRef = E16BB29028E0F26000ABD2E0 /* NeuronUITestsLaunchTests.swift */; };
		E176E14E290B279600B09604 /* AddMainView.swift in Sources */ = {isa = PBXBuildFile; fileRef = E176E14D290B279600B09604 /* AddMainView.swift */; };
		E176E150290B2D6900B09604 /* AddTaskConfig.swift in Sources */ = {isa = PBXBuildFile; fileRef = E176E14F290B2D6900B09604 /* AddTaskConfig.swift */; };
		E176E152290B560C00B09604 /* AddTaskButtonView.swift in Sources */ = {isa = PBXBuildFile; fileRef = E176E151290B560C00B09604 /* AddTaskButtonView.swift */; };
		E176E1542910E23C00B09604 /* TabsStruct.swift in Sources */ = {isa = PBXBuildFile; fileRef = E176E1532910E23C00B09604 /* TabsStruct.swift */; };
		E176E156291103B500B09604 /* DatePickerDisc.swift in Sources */ = {isa = PBXBuildFile; fileRef = E176E155291103B500B09604 /* DatePickerDisc.swift */; };
		E176E1572911067D00B09604 /* AddTaskButtonView.swift in Sources */ = {isa = PBXBuildFile; fileRef = E176E151290B560C00B09604 /* AddTaskButtonView.swift */; };
		E176E1582911069800B09604 /* AddTaskButtonView.swift in Sources */ = {isa = PBXBuildFile; fileRef = E176E151290B560C00B09604 /* AddTaskButtonView.swift */; };
		E176E15A2911F50C00B09604 /* CustomColorPickerView.swift in Sources */ = {isa = PBXBuildFile; fileRef = E176E1592911F50C00B09604 /* CustomColorPickerView.swift */; };
		E176E15E2913302900B09604 /* Symbol Picker Model.swift in Sources */ = {isa = PBXBuildFile; fileRef = E176E15D2913302900B09604 /* Symbol Picker Model.swift */; };
		E17E713E297243CE0034B4BC /* TimelineRowView.swift in Sources */ = {isa = PBXBuildFile; fileRef = E17E713D297243CE0034B4BC /* TimelineRowView.swift */; };
		E17E714229736BAE0034B4BC /* SelectionMenuBuilderView.swift in Sources */ = {isa = PBXBuildFile; fileRef = E17E714129736BAE0034B4BC /* SelectionMenuBuilderView.swift */; };
		E17E714429736D450034B4BC /* TimeLineRowItemModel.swift in Sources */ = {isa = PBXBuildFile; fileRef = E17E714329736D450034B4BC /* TimeLineRowItemModel.swift */; };
		E190A950297A1F5E00EAAA08 /* NotificationCenter.swift in Sources */ = {isa = PBXBuildFile; fileRef = E190A94F297A1F5E00EAAA08 /* NotificationCenter.swift */; };
		E190A951297A1F5E00EAAA08 /* NotificationCenter.swift in Sources */ = {isa = PBXBuildFile; fileRef = E190A94F297A1F5E00EAAA08 /* NotificationCenter.swift */; };
		E190A952297A1F5E00EAAA08 /* NotificationCenter.swift in Sources */ = {isa = PBXBuildFile; fileRef = E190A94F297A1F5E00EAAA08 /* NotificationCenter.swift */; };
		E19B8B04298621F40029F4C6 /* Menu_Routine_CompletetionView.swift in Sources */ = {isa = PBXBuildFile; fileRef = E19B8B03298621F40029F4C6 /* Menu_Routine_CompletetionView.swift */; };
		E19B9D6F28FD11C2009CC37A /* Neuron.xcdatamodeld in Sources */ = {isa = PBXBuildFile; fileRef = E16BB27128E0F25F00ABD2E0 /* Neuron.xcdatamodeld */; };
		E19B9D7028FD11C2009CC37A /* Neuron.xcdatamodeld in Sources */ = {isa = PBXBuildFile; fileRef = E16BB27128E0F25F00ABD2E0 /* Neuron.xcdatamodeld */; };
		E19B9D7128FD1601009CC37A /* Persistence.swift in Sources */ = {isa = PBXBuildFile; fileRef = E16BB26F28E0F25F00ABD2E0 /* Persistence.swift */; };
		E19B9D7228FD1601009CC37A /* Persistence.swift in Sources */ = {isa = PBXBuildFile; fileRef = E16BB26F28E0F25F00ABD2E0 /* Persistence.swift */; };
		E19B9D7328FD1602009CC37A /* Persistence.swift in Sources */ = {isa = PBXBuildFile; fileRef = E16BB26F28E0F25F00ABD2E0 /* Persistence.swift */; };
		E1A4DB7D292C4EFD00FB6BDE /* NotesDisc.swift in Sources */ = {isa = PBXBuildFile; fileRef = E1A4DB7C292C4EFD00FB6BDE /* NotesDisc.swift */; };
		E1A4DB82292CE1E300FB6BDE /* css.swift in Sources */ = {isa = PBXBuildFile; fileRef = E1A4DB81292CE1E300FB6BDE /* css.swift */; };
		E1A4DB842935AF7900FB6BDE /* SubTaskAdderDisc.swift in Sources */ = {isa = PBXBuildFile; fileRef = E1A4DB832935AF7900FB6BDE /* SubTaskAdderDisc.swift */; };
		E1A4DB872935B88E00FB6BDE /* ProjectModel_Add.swift in Sources */ = {isa = PBXBuildFile; fileRef = E1A4DB862935B88E00FB6BDE /* ProjectModel_Add.swift */; };
		E1A4DB892935BDF400FB6BDE /* SubTaskSheetView.swift in Sources */ = {isa = PBXBuildFile; fileRef = E1A4DB882935BDF400FB6BDE /* SubTaskSheetView.swift */; };
		E1B0F71B28FBC60800925858 /* BottomTab.swift in Sources */ = {isa = PBXBuildFile; fileRef = E1B0F71A28FBC60800925858 /* BottomTab.swift */; };
		E1B0F71C28FBC60800925858 /* BottomTab.swift in Sources */ = {isa = PBXBuildFile; fileRef = E1B0F71A28FBC60800925858 /* BottomTab.swift */; };
		E1B0F71D28FBC60800925858 /* BottomTab.swift in Sources */ = {isa = PBXBuildFile; fileRef = E1B0F71A28FBC60800925858 /* BottomTab.swift */; };
		E1B0F71F28FBC62000925858 /* ContentView.swift in Sources */ = {isa = PBXBuildFile; fileRef = E1B0F71E28FBC61F00925858 /* ContentView.swift */; };
		E1B0F72028FBC62000925858 /* ContentView.swift in Sources */ = {isa = PBXBuildFile; fileRef = E1B0F71E28FBC61F00925858 /* ContentView.swift */; };
		E1B0F72128FBC62000925858 /* ContentView.swift in Sources */ = {isa = PBXBuildFile; fileRef = E1B0F71E28FBC61F00925858 /* ContentView.swift */; };
		E1B0F72628FBC65000925858 /* Header_TitleView.swift in Sources */ = {isa = PBXBuildFile; fileRef = E1B0F72228FBC65000925858 /* Header_TitleView.swift */; };
		E1B0F72C28FBC65000925858 /* DescriptionView.swift in Sources */ = {isa = PBXBuildFile; fileRef = E1B0F72428FBC65000925858 /* DescriptionView.swift */; };
		E1BEFF2E2916677700A2DE56 /* AddMainView.swift in Sources */ = {isa = PBXBuildFile; fileRef = E176E14D290B279600B09604 /* AddMainView.swift */; };
		E1BEFF2F2916677700A2DE56 /* AddMainView.swift in Sources */ = {isa = PBXBuildFile; fileRef = E176E14D290B279600B09604 /* AddMainView.swift */; };
		E1BEFF332916682F00A2DE56 /* SearchView .swift in Sources */ = {isa = PBXBuildFile; fileRef = E1BEFF322916682F00A2DE56 /* SearchView .swift */; };
		E1BEFF35291749EC00A2DE56 /* WheelItemsModel.swift in Sources */ = {isa = PBXBuildFile; fileRef = E1BEFF34291749EC00A2DE56 /* WheelItemsModel.swift */; };
		E1C95DAF28E4D26700851C4E /* MainCSS.swift in Sources */ = {isa = PBXBuildFile; fileRef = E1C95DAE28E4D26700851C4E /* MainCSS.swift */; };
		E1C95DB028E4D26700851C4E /* MainCSS.swift in Sources */ = {isa = PBXBuildFile; fileRef = E1C95DAE28E4D26700851C4E /* MainCSS.swift */; };
		E1C95DB128E4D26700851C4E /* MainCSS.swift in Sources */ = {isa = PBXBuildFile; fileRef = E1C95DAE28E4D26700851C4E /* MainCSS.swift */; };
		E1C95DB328E4D50600851C4E /* OptionsModel.swift in Sources */ = {isa = PBXBuildFile; fileRef = E1C95DB228E4D50600851C4E /* OptionsModel.swift */; };
		E1C95DB428E4D50600851C4E /* OptionsModel.swift in Sources */ = {isa = PBXBuildFile; fileRef = E1C95DB228E4D50600851C4E /* OptionsModel.swift */; };
		E1C95DB528E4D50600851C4E /* OptionsModel.swift in Sources */ = {isa = PBXBuildFile; fileRef = E1C95DB228E4D50600851C4E /* OptionsModel.swift */; };
		E1CA7DF12921B42E00A41A14 /* NewItemModel.swift in Sources */ = {isa = PBXBuildFile; fileRef = E1CA7DF02921B42E00A41A14 /* NewItemModel.swift */; };
		E1CA7DF32921B88800A41A14 /* ColorPickerDisc.swift in Sources */ = {isa = PBXBuildFile; fileRef = E1CA7DF22921B88800A41A14 /* ColorPickerDisc.swift */; };
		E1DDA57C297E085400B5EDC8 /* TimeLineListBuilderView.swift in Sources */ = {isa = PBXBuildFile; fileRef = E1DDA57B297E085400B5EDC8 /* TimeLineListBuilderView.swift */; };
		E1DDA57D297F4E7300B5EDC8 /* TimeLineBuilderView.swift in Sources */ = {isa = PBXBuildFile; fileRef = E17E713F297269A10034B4BC /* TimeLineBuilderView.swift */; };
		E1EEC757294B0CDD005A88D1 /* TimeLineMenu.swift in Sources */ = {isa = PBXBuildFile; fileRef = E1EEC756294B0CDD005A88D1 /* TimeLineMenu.swift */; };
		E1EEC75D294C780D005A88D1 /* TimeLineModel.swift in Sources */ = {isa = PBXBuildFile; fileRef = E1EEC75C294C780D005A88D1 /* TimeLineModel.swift */; };
		E1FA36422988E4E4000353DD /* Menu_Card_Button.swift in Sources */ = {isa = PBXBuildFile; fileRef = E1FA36412988E4E4000353DD /* Menu_Card_Button.swift */; };
		E1FA36442988F119000353DD /* TaskCardSheetView.swift in Sources */ = {isa = PBXBuildFile; fileRef = E1FA36432988F119000353DD /* TaskCardSheetView.swift */; };
/* End PBXBuildFile section */

/* Begin PBXBuildRule section */
		E1B0F6ED28FBC28900925858 /* PBXBuildRule */ = {
			isa = PBXBuildRule;
			compilerSpec = com.apple.compilers.proxy.script;
			fileType = file.rcproject;
			inputFiles = (
			);
			isEditable = 1;
			outputFiles = (
			);
			script = "# rctool\n";
		};
/* End PBXBuildRule section */

/* Begin PBXContainerItemProxy section */
		E16BB28128E0F26000ABD2E0 /* PBXContainerItemProxy */ = {
			isa = PBXContainerItemProxy;
			containerPortal = E16BB26228E0F25F00ABD2E0 /* Project object */;
			proxyType = 1;
			remoteGlobalIDString = E16BB26928E0F25F00ABD2E0;
			remoteInfo = Neuron;
		};
		E16BB28B28E0F26000ABD2E0 /* PBXContainerItemProxy */ = {
			isa = PBXContainerItemProxy;
			containerPortal = E16BB26228E0F25F00ABD2E0 /* Project object */;
			proxyType = 1;
			remoteGlobalIDString = E16BB26928E0F25F00ABD2E0;
			remoteInfo = Neuron;
		};
/* End PBXContainerItemProxy section */

/* Begin PBXFileReference section */
		E10FAEA2298B1221005B297C /* DatesCard_Task_View.swift */ = {isa = PBXFileReference; lastKnownFileType = sourcecode.swift; path = DatesCard_Task_View.swift; sourceTree = "<group>"; };
		E10FAEA429909112005B297C /* Notes_Card_View.swift */ = {isa = PBXFileReference; lastKnownFileType = sourcecode.swift; path = Notes_Card_View.swift; sourceTree = "<group>"; };
		E10FAEA62990CD92005B297C /* DateCard_Routine_View.swift */ = {isa = PBXFileReference; lastKnownFileType = sourcecode.swift; path = DateCard_Routine_View.swift; sourceTree = "<group>"; };
		E11720AA291DF46D00316FBE /* DateListView.swift */ = {isa = PBXFileReference; lastKnownFileType = sourcecode.swift; path = DateListView.swift; sourceTree = "<group>"; };
		E11720AE291E05B600316FBE /* DateListRow.swift */ = {isa = PBXFileReference; lastKnownFileType = sourcecode.swift; path = DateListRow.swift; sourceTree = "<group>"; };
		E11720B0291E06FF00316FBE /* TaskModel_Add.swift */ = {isa = PBXFileReference; lastKnownFileType = sourcecode.swift; path = TaskModel_Add.swift; sourceTree = "<group>"; };
		E11720B22920677900316FBE /* DatePickerSheet.swift */ = {isa = PBXFileReference; lastKnownFileType = sourcecode.swift; path = DatePickerSheet.swift; sourceTree = "<group>"; };
		E132A98E2995B8D00093A4CD /* Calendar_Card_View.swift */ = {isa = PBXFileReference; lastKnownFileType = sourcecode.swift; path = Calendar_Card_View.swift; sourceTree = "<group>"; };
		E132A9912995BA780093A4CD /* Calendar 18-33-17-876 */ = {isa = PBXFileReference; lastKnownFileType = wrapper; name = "Calendar 18-33-17-876"; path = "../Calendar 18-33-17-876"; sourceTree = "<group>"; };
		E13410072967CD120074100B /* Header_DayOfWeekView.swift */ = {isa = PBXFileReference; lastKnownFileType = sourcecode.swift; path = Header_DayOfWeekView.swift; sourceTree = "<group>"; };
		E13410092967CE870074100B /* Header_HabitsView.swift */ = {isa = PBXFileReference; lastKnownFileType = sourcecode.swift; path = Header_HabitsView.swift; sourceTree = "<group>"; };
		E134100B296D06DB0074100B /* Header_ScrollTabView.swift */ = {isa = PBXFileReference; lastKnownFileType = sourcecode.swift; path = Header_ScrollTabView.swift; sourceTree = "<group>"; };
		E13F3945293D2FE800769255 /* SubRoutineListView.swift */ = {isa = PBXFileReference; lastKnownFileType = sourcecode.swift; path = SubRoutineListView.swift; sourceTree = "<group>"; };
		E13F3948293E782E00769255 /* RoutineModel_Add.swift */ = {isa = PBXFileReference; lastKnownFileType = sourcecode.swift; path = RoutineModel_Add.swift; sourceTree = "<group>"; };
		E13F394A293EB08E00769255 /* DurationPickerDisc.swift */ = {isa = PBXFileReference; lastKnownFileType = sourcecode.swift; path = DurationPickerDisc.swift; sourceTree = "<group>"; };
		E13F394E2945624F00769255 /* RoutineDurationSheet.swift */ = {isa = PBXFileReference; lastKnownFileType = sourcecode.swift; path = RoutineDurationSheet.swift; sourceTree = "<group>"; };
		E13F39502945CC7A00769255 /* RoutineSchedPickerDisc.swift */ = {isa = PBXFileReference; lastKnownFileType = sourcecode.swift; path = RoutineSchedPickerDisc.swift; sourceTree = "<group>"; };
		E13F3952294806A500769255 /* enumWidgets.swift */ = {isa = PBXFileReference; lastKnownFileType = sourcecode.swift; path = enumWidgets.swift; sourceTree = "<group>"; };
		E13F3954294942F700769255 /* GenericTabView.swift */ = {isa = PBXFileReference; lastKnownFileType = sourcecode.swift; path = GenericTabView.swift; sourceTree = "<group>"; };
		E13F395629495B6A00769255 /* SubRoutineAdderDisc.swift */ = {isa = PBXFileReference; lastKnownFileType = sourcecode.swift; path = SubRoutineAdderDisc.swift; sourceTree = "<group>"; };
		E13F3958294975AF00769255 /* ProjectEndDateDisc.swift */ = {isa = PBXFileReference; lastKnownFileType = sourcecode.swift; path = ProjectEndDateDisc.swift; sourceTree = "<group>"; };
		E13F395C294AA8D900769255 /* HabitModel.swift */ = {isa = PBXFileReference; lastKnownFileType = sourcecode.swift; path = HabitModel.swift; sourceTree = "<group>"; };
		E13F395F294AABB900769255 /* FrequencyPicker.swift */ = {isa = PBXFileReference; lastKnownFileType = sourcecode.swift; path = FrequencyPicker.swift; sourceTree = "<group>"; };
		E14F6E3F29147939009946EB /* SymbolPickerView.swift */ = {isa = PBXFileReference; lastKnownFileType = sourcecode.swift; path = SymbolPickerView.swift; sourceTree = "<group>"; };
		E16BB26A28E0F25F00ABD2E0 /* Neuron.app */ = {isa = PBXFileReference; explicitFileType = wrapper.application; includeInIndex = 0; path = Neuron.app; sourceTree = BUILT_PRODUCTS_DIR; };
		E16BB26D28E0F25F00ABD2E0 /* NeuronApp.swift */ = {isa = PBXFileReference; lastKnownFileType = sourcecode.swift; path = NeuronApp.swift; sourceTree = "<group>"; };
		E16BB26F28E0F25F00ABD2E0 /* Persistence.swift */ = {isa = PBXFileReference; lastKnownFileType = sourcecode.swift; path = Persistence.swift; sourceTree = "<group>"; };
		E16BB27228E0F25F00ABD2E0 /* Neuron.xcdatamodel */ = {isa = PBXFileReference; lastKnownFileType = wrapper.xcdatamodel; path = Neuron.xcdatamodel; sourceTree = "<group>"; };
		E16BB27628E0F26000ABD2E0 /* Assets.xcassets */ = {isa = PBXFileReference; lastKnownFileType = folder.assetcatalog; path = Assets.xcassets; sourceTree = "<group>"; };
		E16BB27828E0F26000ABD2E0 /* Neuron.entitlements */ = {isa = PBXFileReference; lastKnownFileType = text.plist.entitlements; path = Neuron.entitlements; sourceTree = "<group>"; };
		E16BB27A28E0F26000ABD2E0 /* Preview Assets.xcassets */ = {isa = PBXFileReference; lastKnownFileType = folder.assetcatalog; path = "Preview Assets.xcassets"; sourceTree = "<group>"; };
		E16BB28028E0F26000ABD2E0 /* NeuronTests.xctest */ = {isa = PBXFileReference; explicitFileType = wrapper.cfbundle; includeInIndex = 0; path = NeuronTests.xctest; sourceTree = BUILT_PRODUCTS_DIR; };
		E16BB28428E0F26000ABD2E0 /* NeuronTests.swift */ = {isa = PBXFileReference; lastKnownFileType = sourcecode.swift; path = NeuronTests.swift; sourceTree = "<group>"; };
		E16BB28A28E0F26000ABD2E0 /* NeuronUITests.xctest */ = {isa = PBXFileReference; explicitFileType = wrapper.cfbundle; includeInIndex = 0; path = NeuronUITests.xctest; sourceTree = BUILT_PRODUCTS_DIR; };
		E16BB28E28E0F26000ABD2E0 /* NeuronUITests.swift */ = {isa = PBXFileReference; lastKnownFileType = sourcecode.swift; path = NeuronUITests.swift; sourceTree = "<group>"; };
		E16BB29028E0F26000ABD2E0 /* NeuronUITestsLaunchTests.swift */ = {isa = PBXFileReference; lastKnownFileType = sourcecode.swift; path = NeuronUITestsLaunchTests.swift; sourceTree = "<group>"; };
		E176E14D290B279600B09604 /* AddMainView.swift */ = {isa = PBXFileReference; lastKnownFileType = sourcecode.swift; path = AddMainView.swift; sourceTree = "<group>"; };
		E176E14F290B2D6900B09604 /* AddTaskConfig.swift */ = {isa = PBXFileReference; lastKnownFileType = sourcecode.swift; path = AddTaskConfig.swift; sourceTree = "<group>"; };
		E176E151290B560C00B09604 /* AddTaskButtonView.swift */ = {isa = PBXFileReference; lastKnownFileType = sourcecode.swift; path = AddTaskButtonView.swift; sourceTree = "<group>"; };
		E176E1532910E23C00B09604 /* TabsStruct.swift */ = {isa = PBXFileReference; lastKnownFileType = sourcecode.swift; path = TabsStruct.swift; sourceTree = "<group>"; };
		E176E155291103B500B09604 /* DatePickerDisc.swift */ = {isa = PBXFileReference; lastKnownFileType = sourcecode.swift; path = DatePickerDisc.swift; sourceTree = "<group>"; };
		E176E1592911F50C00B09604 /* CustomColorPickerView.swift */ = {isa = PBXFileReference; lastKnownFileType = sourcecode.swift; path = CustomColorPickerView.swift; sourceTree = "<group>"; };
		E176E15D2913302900B09604 /* Symbol Picker Model.swift */ = {isa = PBXFileReference; lastKnownFileType = sourcecode.swift; path = "Symbol Picker Model.swift"; sourceTree = "<group>"; };
		E17E713D297243CE0034B4BC /* TimelineRowView.swift */ = {isa = PBXFileReference; lastKnownFileType = sourcecode.swift; path = TimelineRowView.swift; sourceTree = "<group>"; };
		E17E713F297269A10034B4BC /* TimeLineBuilderView.swift */ = {isa = PBXFileReference; lastKnownFileType = sourcecode.swift; path = TimeLineBuilderView.swift; sourceTree = "<group>"; };
		E17E714129736BAE0034B4BC /* SelectionMenuBuilderView.swift */ = {isa = PBXFileReference; lastKnownFileType = sourcecode.swift; path = SelectionMenuBuilderView.swift; sourceTree = "<group>"; };
		E17E714329736D450034B4BC /* TimeLineRowItemModel.swift */ = {isa = PBXFileReference; lastKnownFileType = sourcecode.swift; path = TimeLineRowItemModel.swift; sourceTree = "<group>"; };
		E190A94F297A1F5E00EAAA08 /* NotificationCenter.swift */ = {isa = PBXFileReference; lastKnownFileType = sourcecode.swift; path = NotificationCenter.swift; sourceTree = "<group>"; };
		E19B8B03298621F40029F4C6 /* Menu_Routine_CompletetionView.swift */ = {isa = PBXFileReference; lastKnownFileType = sourcecode.swift; path = Menu_Routine_CompletetionView.swift; sourceTree = "<group>"; };
		E1A4DB7C292C4EFD00FB6BDE /* NotesDisc.swift */ = {isa = PBXFileReference; lastKnownFileType = sourcecode.swift; path = NotesDisc.swift; sourceTree = "<group>"; };
		E1A4DB81292CE1E300FB6BDE /* css.swift */ = {isa = PBXFileReference; lastKnownFileType = sourcecode.swift; path = css.swift; sourceTree = "<group>"; };
		E1A4DB832935AF7900FB6BDE /* SubTaskAdderDisc.swift */ = {isa = PBXFileReference; lastKnownFileType = sourcecode.swift; path = SubTaskAdderDisc.swift; sourceTree = "<group>"; };
		E1A4DB862935B88E00FB6BDE /* ProjectModel_Add.swift */ = {isa = PBXFileReference; lastKnownFileType = sourcecode.swift; path = ProjectModel_Add.swift; sourceTree = "<group>"; };
		E1A4DB882935BDF400FB6BDE /* SubTaskSheetView.swift */ = {isa = PBXFileReference; lastKnownFileType = sourcecode.swift; path = SubTaskSheetView.swift; sourceTree = "<group>"; };
		E1B0F71A28FBC60800925858 /* BottomTab.swift */ = {isa = PBXFileReference; fileEncoding = 4; lastKnownFileType = sourcecode.swift; path = BottomTab.swift; sourceTree = "<group>"; };
		E1B0F71E28FBC61F00925858 /* ContentView.swift */ = {isa = PBXFileReference; fileEncoding = 4; lastKnownFileType = sourcecode.swift; path = ContentView.swift; sourceTree = "<group>"; };
		E1B0F72228FBC65000925858 /* Header_TitleView.swift */ = {isa = PBXFileReference; fileEncoding = 4; lastKnownFileType = sourcecode.swift; path = Header_TitleView.swift; sourceTree = "<group>"; };
		E1B0F72428FBC65000925858 /* DescriptionView.swift */ = {isa = PBXFileReference; fileEncoding = 4; lastKnownFileType = sourcecode.swift; path = DescriptionView.swift; sourceTree = "<group>"; };
		E1BEFF322916682F00A2DE56 /* SearchView .swift */ = {isa = PBXFileReference; lastKnownFileType = sourcecode.swift; path = "SearchView .swift"; sourceTree = "<group>"; };
		E1BEFF34291749EC00A2DE56 /* WheelItemsModel.swift */ = {isa = PBXFileReference; lastKnownFileType = sourcecode.swift; path = WheelItemsModel.swift; sourceTree = "<group>"; };
		E1C95DAE28E4D26700851C4E /* MainCSS.swift */ = {isa = PBXFileReference; lastKnownFileType = sourcecode.swift; path = MainCSS.swift; sourceTree = "<group>"; };
		E1C95DB228E4D50600851C4E /* OptionsModel.swift */ = {isa = PBXFileReference; lastKnownFileType = sourcecode.swift; path = OptionsModel.swift; sourceTree = "<group>"; };
		E1CA7DF02921B42E00A41A14 /* NewItemModel.swift */ = {isa = PBXFileReference; lastKnownFileType = sourcecode.swift; path = NewItemModel.swift; sourceTree = "<group>"; };
		E1CA7DF22921B88800A41A14 /* ColorPickerDisc.swift */ = {isa = PBXFileReference; lastKnownFileType = sourcecode.swift; path = ColorPickerDisc.swift; sourceTree = "<group>"; };
		E1DDA57B297E085400B5EDC8 /* TimeLineListBuilderView.swift */ = {isa = PBXFileReference; lastKnownFileType = sourcecode.swift; path = TimeLineListBuilderView.swift; sourceTree = "<group>"; };
		E1EEC756294B0CDD005A88D1 /* TimeLineMenu.swift */ = {isa = PBXFileReference; lastKnownFileType = sourcecode.swift; path = TimeLineMenu.swift; sourceTree = "<group>"; };
		E1EEC75C294C780D005A88D1 /* TimeLineModel.swift */ = {isa = PBXFileReference; lastKnownFileType = sourcecode.swift; path = TimeLineModel.swift; sourceTree = "<group>"; };
		E1FA36412988E4E4000353DD /* Menu_Card_Button.swift */ = {isa = PBXFileReference; lastKnownFileType = sourcecode.swift; path = Menu_Card_Button.swift; sourceTree = "<group>"; };
		E1FA36432988F119000353DD /* TaskCardSheetView.swift */ = {isa = PBXFileReference; lastKnownFileType = sourcecode.swift; path = TaskCardSheetView.swift; sourceTree = "<group>"; };
/* End PBXFileReference section */

/* Begin PBXFrameworksBuildPhase section */
		E16BB26728E0F25F00ABD2E0 /* Frameworks */ = {
			isa = PBXFrameworksBuildPhase;
			buildActionMask = 2147483647;
			files = (
				E132A9962995BED60093A4CD /* AWCalendar in Frameworks */,
			);
			runOnlyForDeploymentPostprocessing = 0;
		};
		E16BB27D28E0F26000ABD2E0 /* Frameworks */ = {
			isa = PBXFrameworksBuildPhase;
			buildActionMask = 2147483647;
			files = (
			);
			runOnlyForDeploymentPostprocessing = 0;
		};
		E16BB28728E0F26000ABD2E0 /* Frameworks */ = {
			isa = PBXFrameworksBuildPhase;
			buildActionMask = 2147483647;
			files = (
			);
			runOnlyForDeploymentPostprocessing = 0;
		};
/* End PBXFrameworksBuildPhase section */

/* Begin PBXGroup section */
		E10FAEA82991744B005B297C /* CardView */ = {
			isa = PBXGroup;
			children = (
				E10FAEA62990CD92005B297C /* DateCard_Routine_View.swift */,
				E10FAEA2298B1221005B297C /* DatesCard_Task_View.swift */,
				E10FAEA429909112005B297C /* Notes_Card_View.swift */,
				E132A98E2995B8D00093A4CD /* Calendar_Card_View.swift */,
			);
			path = CardView;
			sourceTree = "<group>";
		};
		E132A9922995BBC80093A4CD /* Frameworks */ = {
			isa = PBXGroup;
			children = (
			);
			name = Frameworks;
			sourceTree = "<group>";
		};
		E134100F296E23A50074100B /* Header_components */ = {
			isa = PBXGroup;
			children = (
				E1B0F72228FBC65000925858 /* Header_TitleView.swift */,
				E13410092967CE870074100B /* Header_HabitsView.swift */,
				E134100B296D06DB0074100B /* Header_ScrollTabView.swift */,
				E13410072967CD120074100B /* Header_DayOfWeekView.swift */,
			);
			path = Header_components;
			sourceTree = "<group>";
		};
		E13F3947293E76E100769255 /* RoutineComponents */ = {
			isa = PBXGroup;
			children = (
				E13F395629495B6A00769255 /* SubRoutineAdderDisc.swift */,
				E13F3945293D2FE800769255 /* SubRoutineListView.swift */,
				E13F39502945CC7A00769255 /* RoutineSchedPickerDisc.swift */,
				E13F394E2945624F00769255 /* RoutineDurationSheet.swift */,
				E13F3948293E782E00769255 /* RoutineModel_Add.swift */,
			);
			path = RoutineComponents;
			sourceTree = "<group>";
		};
		E13F395E294AAB0B00769255 /* HabitComponents */ = {
			isa = PBXGroup;
			children = (
				E13F395C294AA8D900769255 /* HabitModel.swift */,
				E13F395F294AABB900769255 /* FrequencyPicker.swift */,
			);
			path = HabitComponents;
			sourceTree = "<group>";
		};
		E16BB26128E0F25F00ABD2E0 = {
			isa = PBXGroup;
			children = (
				E1D280942995B8210060B955 /* Packages */,
				E16BB26C28E0F25F00ABD2E0 /* Neuron */,
				E16BB28328E0F26000ABD2E0 /* NeuronTests */,
				E16BB28D28E0F26000ABD2E0 /* NeuronUITests */,
				E16BB26B28E0F25F00ABD2E0 /* Products */,
				E132A9922995BBC80093A4CD /* Frameworks */,
			);
			sourceTree = "<group>";
		};
		E16BB26B28E0F25F00ABD2E0 /* Products */ = {
			isa = PBXGroup;
			children = (
				E16BB26A28E0F25F00ABD2E0 /* Neuron.app */,
				E16BB28028E0F26000ABD2E0 /* NeuronTests.xctest */,
				E16BB28A28E0F26000ABD2E0 /* NeuronUITests.xctest */,
			);
			name = Products;
			sourceTree = "<group>";
		};
		E16BB26C28E0F25F00ABD2E0 /* Neuron */ = {
			isa = PBXGroup;
			children = (
				E16BB2A628E4D1E400ABD2E0 /* Model */,
				E1B0F73628FBC69800925858 /* Views */,
				E176E15C2913300000B09604 /* Symbol Picker */,
				E16BB26D28E0F25F00ABD2E0 /* NeuronApp.swift */,
				E16BB26F28E0F25F00ABD2E0 /* Persistence.swift */,
				E16BB27628E0F26000ABD2E0 /* Assets.xcassets */,
				E16BB27828E0F26000ABD2E0 /* Neuron.entitlements */,
				E16BB27128E0F25F00ABD2E0 /* Neuron.xcdatamodeld */,
				E16BB27928E0F26000ABD2E0 /* Preview Content */,
			);
			path = Neuron;
			sourceTree = "<group>";
		};
		E16BB27928E0F26000ABD2E0 /* Preview Content */ = {
			isa = PBXGroup;
			children = (
				E16BB27A28E0F26000ABD2E0 /* Preview Assets.xcassets */,
			);
			path = "Preview Content";
			sourceTree = "<group>";
		};
		E16BB28328E0F26000ABD2E0 /* NeuronTests */ = {
			isa = PBXGroup;
			children = (
				E16BB28428E0F26000ABD2E0 /* NeuronTests.swift */,
			);
			path = NeuronTests;
			sourceTree = "<group>";
		};
		E16BB28D28E0F26000ABD2E0 /* NeuronUITests */ = {
			isa = PBXGroup;
			children = (
				E16BB28E28E0F26000ABD2E0 /* NeuronUITests.swift */,
				E16BB29028E0F26000ABD2E0 /* NeuronUITestsLaunchTests.swift */,
			);
			path = NeuronUITests;
			sourceTree = "<group>";
		};
		E16BB2A628E4D1E400ABD2E0 /* Model */ = {
			isa = PBXGroup;
			children = (
				E1C95DAE28E4D26700851C4E /* MainCSS.swift */,
				E1EEC75C294C780D005A88D1 /* TimeLineModel.swift */,
				E1C95DB228E4D50600851C4E /* OptionsModel.swift */,
				E190A94F297A1F5E00EAAA08 /* NotificationCenter.swift */,
				E176E14F290B2D6900B09604 /* AddTaskConfig.swift */,
			);
			path = Model;
			sourceTree = "<group>";
		};
		E176E15C2913300000B09604 /* Symbol Picker */ = {
			isa = PBXGroup;
			children = (
				E176E15D2913302900B09604 /* Symbol Picker Model.swift */,
				E14F6E3F29147939009946EB /* SymbolPickerView.swift */,
			);
			path = "Symbol Picker";
			sourceTree = "<group>";
		};
		E17E714629736E7B0034B4BC /* TimeLine */ = {
			isa = PBXGroup;
			children = (
				E17E714329736D450034B4BC /* TimeLineRowItemModel.swift */,
				E17E713F297269A10034B4BC /* TimeLineBuilderView.swift */,
				E1DDA57B297E085400B5EDC8 /* TimeLineListBuilderView.swift */,
				E17E713D297243CE0034B4BC /* TimelineRowView.swift */,
				E19B8B0229861E600029F4C6 /* MenuWidgets */,
			);
			path = TimeLine;
			sourceTree = "<group>";
		};
		E19B8B0229861E600029F4C6 /* MenuWidgets */ = {
			isa = PBXGroup;
			children = (
				E17E714129736BAE0034B4BC /* SelectionMenuBuilderView.swift */,
				E1EEC756294B0CDD005A88D1 /* TimeLineMenu.swift */,
				E1B0F72428FBC65000925858 /* DescriptionView.swift */,
				E19B8B03298621F40029F4C6 /* Menu_Routine_CompletetionView.swift */,
				E1FA36412988E4E4000353DD /* Menu_Card_Button.swift */,
				E1FA36432988F119000353DD /* TaskCardSheetView.swift */,
				E10FAEA82991744B005B297C /* CardView */,
			);
			path = MenuWidgets;
			sourceTree = "<group>";
		};
		E1A4DB80292C5F2600FB6BDE /* TaskComponents */ = {
			isa = PBXGroup;
			children = (
				E176E155291103B500B09604 /* DatePickerDisc.swift */,
				E11720AA291DF46D00316FBE /* DateListView.swift */,
				E11720AE291E05B600316FBE /* DateListRow.swift */,
				E11720B0291E06FF00316FBE /* TaskModel_Add.swift */,
				E11720B22920677900316FBE /* DatePickerSheet.swift */,
			);
			path = TaskComponents;
			sourceTree = "<group>";
		};
		E1A4DB852935B85A00FB6BDE /* ProjectComponents */ = {
			isa = PBXGroup;
			children = (
				E1A4DB862935B88E00FB6BDE /* ProjectModel_Add.swift */,
				E1A4DB832935AF7900FB6BDE /* SubTaskAdderDisc.swift */,
				E1A4DB882935BDF400FB6BDE /* SubTaskSheetView.swift */,
				E13F3958294975AF00769255 /* ProjectEndDateDisc.swift */,
			);
			path = ProjectComponents;
			sourceTree = "<group>";
		};
		E1B0F73628FBC69800925858 /* Views */ = {
			isa = PBXGroup;
			children = (
				E1B0F71E28FBC61F00925858 /* ContentView.swift */,
				E1B0F71A28FBC60800925858 /* BottomTab.swift */,
				E176E151290B560C00B09604 /* AddTaskButtonView.swift */,
				E134100F296E23A50074100B /* Header_components */,
				E17E714629736E7B0034B4BC /* TimeLine */,
				E1BEFF2D2916676600A2DE56 /* AddItemComponents */,
			);
			path = Views;
			sourceTree = "<group>";
		};
		E1BEFF2D2916676600A2DE56 /* AddItemComponents */ = {
			isa = PBXGroup;
			children = (
				E1CA7DF02921B42E00A41A14 /* NewItemModel.swift */,
				E1BEFF34291749EC00A2DE56 /* WheelItemsModel.swift */,
				E13F3952294806A500769255 /* enumWidgets.swift */,
				E1A4DB81292CE1E300FB6BDE /* css.swift */,
				E1BEFF322916682F00A2DE56 /* SearchView .swift */,
				E176E14D290B279600B09604 /* AddMainView.swift */,
				E13F3954294942F700769255 /* GenericTabView.swift */,
				E176E1532910E23C00B09604 /* TabsStruct.swift */,
				E13F395E294AAB0B00769255 /* HabitComponents */,
				E13F3947293E76E100769255 /* RoutineComponents */,
				E1A4DB852935B85A00FB6BDE /* ProjectComponents */,
				E1A4DB80292C5F2600FB6BDE /* TaskComponents */,
				E1A4DB7C292C4EFD00FB6BDE /* NotesDisc.swift */,
				E13F394A293EB08E00769255 /* DurationPickerDisc.swift */,
				E1CA7DF22921B88800A41A14 /* ColorPickerDisc.swift */,
				E176E1592911F50C00B09604 /* CustomColorPickerView.swift */,
			);
			path = AddItemComponents;
			sourceTree = "<group>";
		};
		E1D280942995B8210060B955 /* Packages */ = {
			isa = PBXGroup;
			children = (
				E132A9912995BA780093A4CD /* Calendar 18-33-17-876 */,
			);
			name = Packages;
			sourceTree = "<group>";
		};
/* End PBXGroup section */

/* Begin PBXNativeTarget section */
		E16BB26928E0F25F00ABD2E0 /* Neuron */ = {
			isa = PBXNativeTarget;
			buildConfigurationList = E16BB29428E0F26000ABD2E0 /* Build configuration list for PBXNativeTarget "Neuron" */;
			buildPhases = (
				E16BB26628E0F25F00ABD2E0 /* Sources */,
				E16BB26728E0F25F00ABD2E0 /* Frameworks */,
				E16BB26828E0F25F00ABD2E0 /* Resources */,
			);
			buildRules = (
				E1B0F6ED28FBC28900925858 /* PBXBuildRule */,
			);
			dependencies = (
			);
			name = Neuron;
			packageProductDependencies = (
				E132A9952995BED60093A4CD /* AWCalendar */,
			);
			productName = Neuron;
			productReference = E16BB26A28E0F25F00ABD2E0 /* Neuron.app */;
			productType = "com.apple.product-type.application";
		};
		E16BB27F28E0F26000ABD2E0 /* NeuronTests */ = {
			isa = PBXNativeTarget;
			buildConfigurationList = E16BB29728E0F26000ABD2E0 /* Build configuration list for PBXNativeTarget "NeuronTests" */;
			buildPhases = (
				E16BB27C28E0F26000ABD2E0 /* Sources */,
				E16BB27D28E0F26000ABD2E0 /* Frameworks */,
				E16BB27E28E0F26000ABD2E0 /* Resources */,
			);
			buildRules = (
			);
			dependencies = (
				E16BB28228E0F26000ABD2E0 /* PBXTargetDependency */,
			);
			name = NeuronTests;
			productName = NeuronTests;
			productReference = E16BB28028E0F26000ABD2E0 /* NeuronTests.xctest */;
			productType = "com.apple.product-type.bundle.unit-test";
		};
		E16BB28928E0F26000ABD2E0 /* NeuronUITests */ = {
			isa = PBXNativeTarget;
			buildConfigurationList = E16BB29A28E0F26000ABD2E0 /* Build configuration list for PBXNativeTarget "NeuronUITests" */;
			buildPhases = (
				E16BB28628E0F26000ABD2E0 /* Sources */,
				E16BB28728E0F26000ABD2E0 /* Frameworks */,
				E16BB28828E0F26000ABD2E0 /* Resources */,
			);
			buildRules = (
			);
			dependencies = (
				E16BB28C28E0F26000ABD2E0 /* PBXTargetDependency */,
			);
			name = NeuronUITests;
			productName = NeuronUITests;
			productReference = E16BB28A28E0F26000ABD2E0 /* NeuronUITests.xctest */;
			productType = "com.apple.product-type.bundle.ui-testing";
		};
/* End PBXNativeTarget section */

/* Begin PBXProject section */
		E16BB26228E0F25F00ABD2E0 /* Project object */ = {
			isa = PBXProject;
			attributes = {
				BuildIndependentTargetsInParallel = 1;
				LastSwiftUpdateCheck = 1400;
				LastUpgradeCheck = 1410;
				TargetAttributes = {
					E16BB26928E0F25F00ABD2E0 = {
						CreatedOnToolsVersion = 14.0;
					};
					E16BB27F28E0F26000ABD2E0 = {
						CreatedOnToolsVersion = 14.0;
						TestTargetID = E16BB26928E0F25F00ABD2E0;
					};
					E16BB28928E0F26000ABD2E0 = {
						CreatedOnToolsVersion = 14.0;
						TestTargetID = E16BB26928E0F25F00ABD2E0;
					};
				};
			};
			buildConfigurationList = E16BB26528E0F25F00ABD2E0 /* Build configuration list for PBXProject "Neuron" */;
			compatibilityVersion = "Xcode 14.0";
			developmentRegion = en;
			hasScannedForEncodings = 0;
			knownRegions = (
				en,
				Base,
			);
			mainGroup = E16BB26128E0F25F00ABD2E0;
			productRefGroup = E16BB26B28E0F25F00ABD2E0 /* Products */;
			projectDirPath = "";
			projectRoot = "";
			targets = (
				E16BB26928E0F25F00ABD2E0 /* Neuron */,
				E16BB27F28E0F26000ABD2E0 /* NeuronTests */,
				E16BB28928E0F26000ABD2E0 /* NeuronUITests */,
			);
		};
/* End PBXProject section */

/* Begin PBXResourcesBuildPhase section */
		E16BB26828E0F25F00ABD2E0 /* Resources */ = {
			isa = PBXResourcesBuildPhase;
			buildActionMask = 2147483647;
			files = (
				E16BB27B28E0F26000ABD2E0 /* Preview Assets.xcassets in Resources */,
				E16BB27728E0F26000ABD2E0 /* Assets.xcassets in Resources */,
			);
			runOnlyForDeploymentPostprocessing = 0;
		};
		E16BB27E28E0F26000ABD2E0 /* Resources */ = {
			isa = PBXResourcesBuildPhase;
			buildActionMask = 2147483647;
			files = (
			);
			runOnlyForDeploymentPostprocessing = 0;
		};
		E16BB28828E0F26000ABD2E0 /* Resources */ = {
			isa = PBXResourcesBuildPhase;
			buildActionMask = 2147483647;
			files = (
			);
			runOnlyForDeploymentPostprocessing = 0;
		};
/* End PBXResourcesBuildPhase section */

/* Begin PBXSourcesBuildPhase section */
		E16BB26628E0F25F00ABD2E0 /* Sources */ = {
			isa = PBXSourcesBuildPhase;
			buildActionMask = 2147483647;
			files = (
				E16BB27328E0F25F00ABD2E0 /* Neuron.xcdatamodeld in Sources */,
				E10FAEA72990CD92005B297C /* DateCard_Routine_View.swift in Sources */,
				E16BB26E28E0F25F00ABD2E0 /* NeuronApp.swift in Sources */,
				E17E714229736BAE0034B4BC /* SelectionMenuBuilderView.swift in Sources */,
				E1A4DB7D292C4EFD00FB6BDE /* NotesDisc.swift in Sources */,
				E1BEFF35291749EC00A2DE56 /* WheelItemsModel.swift in Sources */,
				E17E714429736D450034B4BC /* TimeLineRowItemModel.swift in Sources */,
				E11720AB291DF46D00316FBE /* DateListView.swift in Sources */,
				E176E14E290B279600B09604 /* AddMainView.swift in Sources */,
				E1DDA57C297E085400B5EDC8 /* TimeLineListBuilderView.swift in Sources */,
				E1DDA57D297F4E7300B5EDC8 /* TimeLineBuilderView.swift in Sources */,
				E10FAEA3298B1221005B297C /* DatesCard_Task_View.swift in Sources */,
				E13F394B293EB08E00769255 /* DurationPickerDisc.swift in Sources */,
				E1B0F72628FBC65000925858 /* Header_TitleView.swift in Sources */,
				E17E713E297243CE0034B4BC /* TimelineRowView.swift in Sources */,
				E11720AF291E05B600316FBE /* DateListRow.swift in Sources */,
				E13F3946293D2FE800769255 /* SubRoutineListView.swift in Sources */,
				E176E1542910E23C00B09604 /* TabsStruct.swift in Sources */,
				E132A98F2995B8D00093A4CD /* Calendar_Card_View.swift in Sources */,
				E1B0F72C28FBC65000925858 /* DescriptionView.swift in Sources */,
				E176E156291103B500B09604 /* DatePickerDisc.swift in Sources */,
				E13F395729495B6A00769255 /* SubRoutineAdderDisc.swift in Sources */,
				E1B0F71F28FBC62000925858 /* ContentView.swift in Sources */,
				E1CA7DF32921B88800A41A14 /* ColorPickerDisc.swift in Sources */,
				E1CA7DF12921B42E00A41A14 /* NewItemModel.swift in Sources */,
				E190A950297A1F5E00EAAA08 /* NotificationCenter.swift in Sources */,
				E1C95DB328E4D50600851C4E /* OptionsModel.swift in Sources */,
				E13F395D294AA8D900769255 /* HabitModel.swift in Sources */,
				E13F394F2945624F00769255 /* RoutineDurationSheet.swift in Sources */,
				E10FAEA529909112005B297C /* Notes_Card_View.swift in Sources */,
				E176E150290B2D6900B09604 /* AddTaskConfig.swift in Sources */,
				E1EEC75D294C780D005A88D1 /* TimeLineModel.swift in Sources */,
				E1A4DB842935AF7900FB6BDE /* SubTaskAdderDisc.swift in Sources */,
				E14F6E4029147939009946EB /* SymbolPickerView.swift in Sources */,
				E13F3953294806A500769255 /* enumWidgets.swift in Sources */,
				E13F3949293E782E00769255 /* RoutineModel_Add.swift in Sources */,
				E13F39512945CC7A00769255 /* RoutineSchedPickerDisc.swift in Sources */,
				E1A4DB82292CE1E300FB6BDE /* css.swift in Sources */,
				E1FA36422988E4E4000353DD /* Menu_Card_Button.swift in Sources */,
				E176E15A2911F50C00B09604 /* CustomColorPickerView.swift in Sources */,
				E11720B1291E06FF00316FBE /* TaskModel_Add.swift in Sources */,
				E19B9D7128FD1601009CC37A /* Persistence.swift in Sources */,
				E13F3959294975AF00769255 /* ProjectEndDateDisc.swift in Sources */,
				E1A4DB872935B88E00FB6BDE /* ProjectModel_Add.swift in Sources */,
				E13F3960294AABB900769255 /* FrequencyPicker.swift in Sources */,
				E19B8B04298621F40029F4C6 /* Menu_Routine_CompletetionView.swift in Sources */,
				E176E152290B560C00B09604 /* AddTaskButtonView.swift in Sources */,
				E13F3955294942F700769255 /* GenericTabView.swift in Sources */,
				E1B0F71B28FBC60800925858 /* BottomTab.swift in Sources */,
				E1C95DAF28E4D26700851C4E /* MainCSS.swift in Sources */,
				E11720B32920677900316FBE /* DatePickerSheet.swift in Sources */,
				E134100C296D06DB0074100B /* Header_ScrollTabView.swift in Sources */,
				E134100A2967CE870074100B /* Header_HabitsView.swift in Sources */,
				E13410082967CD120074100B /* Header_DayOfWeekView.swift in Sources */,
				E1BEFF332916682F00A2DE56 /* SearchView .swift in Sources */,
				E1EEC757294B0CDD005A88D1 /* TimeLineMenu.swift in Sources */,
				E1FA36442988F119000353DD /* TaskCardSheetView.swift in Sources */,
				E1A4DB892935BDF400FB6BDE /* SubTaskSheetView.swift in Sources */,
				E176E15E2913302900B09604 /* Symbol Picker Model.swift in Sources */,
			);
			runOnlyForDeploymentPostprocessing = 0;
		};
		E16BB27C28E0F26000ABD2E0 /* Sources */ = {
			isa = PBXSourcesBuildPhase;
			buildActionMask = 2147483647;
			files = (
				E1C95DB028E4D26700851C4E /* MainCSS.swift in Sources */,
				E1B0F72028FBC62000925858 /* ContentView.swift in Sources */,
				E190A951297A1F5E00EAAA08 /* NotificationCenter.swift in Sources */,
				E1B0F71C28FBC60800925858 /* BottomTab.swift in Sources */,
				E19B9D6F28FD11C2009CC37A /* Neuron.xcdatamodeld in Sources */,
				E19B9D7228FD1601009CC37A /* Persistence.swift in Sources */,
				E1C95DB428E4D50600851C4E /* OptionsModel.swift in Sources */,
				E16BB28528E0F26000ABD2E0 /* NeuronTests.swift in Sources */,
				E176E1572911067D00B09604 /* AddTaskButtonView.swift in Sources */,
				E1BEFF2E2916677700A2DE56 /* AddMainView.swift in Sources */,
			);
			runOnlyForDeploymentPostprocessing = 0;
		};
		E16BB28628E0F26000ABD2E0 /* Sources */ = {
			isa = PBXSourcesBuildPhase;
			buildActionMask = 2147483647;
			files = (
				E1C95DB528E4D50600851C4E /* OptionsModel.swift in Sources */,
				E1BEFF2F2916677700A2DE56 /* AddMainView.swift in Sources */,
				E16BB28F28E0F26000ABD2E0 /* NeuronUITests.swift in Sources */,
				E176E1582911069800B09604 /* AddTaskButtonView.swift in Sources */,
				E1B0F72128FBC62000925858 /* ContentView.swift in Sources */,
				E1B0F71D28FBC60800925858 /* BottomTab.swift in Sources */,
				E19B9D7028FD11C2009CC37A /* Neuron.xcdatamodeld in Sources */,
				E190A952297A1F5E00EAAA08 /* NotificationCenter.swift in Sources */,
				E16BB29128E0F26000ABD2E0 /* NeuronUITestsLaunchTests.swift in Sources */,
				E19B9D7328FD1602009CC37A /* Persistence.swift in Sources */,
				E1C95DB128E4D26700851C4E /* MainCSS.swift in Sources */,
			);
			runOnlyForDeploymentPostprocessing = 0;
		};
/* End PBXSourcesBuildPhase section */

/* Begin PBXTargetDependency section */
		E16BB28228E0F26000ABD2E0 /* PBXTargetDependency */ = {
			isa = PBXTargetDependency;
			target = E16BB26928E0F25F00ABD2E0 /* Neuron */;
			targetProxy = E16BB28128E0F26000ABD2E0 /* PBXContainerItemProxy */;
		};
		E16BB28C28E0F26000ABD2E0 /* PBXTargetDependency */ = {
			isa = PBXTargetDependency;
			target = E16BB26928E0F25F00ABD2E0 /* Neuron */;
			targetProxy = E16BB28B28E0F26000ABD2E0 /* PBXContainerItemProxy */;
		};
/* End PBXTargetDependency section */

/* Begin XCBuildConfiguration section */
		E16BB29228E0F26000ABD2E0 /* Debug */ = {
			isa = XCBuildConfiguration;
			buildSettings = {
				ALWAYS_SEARCH_USER_PATHS = NO;
				CLANG_ANALYZER_NONNULL = YES;
				CLANG_ANALYZER_NUMBER_OBJECT_CONVERSION = YES_AGGRESSIVE;
				CLANG_CXX_LANGUAGE_STANDARD = "gnu++20";
				CLANG_ENABLE_MODULES = YES;
				CLANG_ENABLE_OBJC_ARC = YES;
				CLANG_ENABLE_OBJC_WEAK = YES;
				CLANG_WARN_BLOCK_CAPTURE_AUTORELEASING = YES;
				CLANG_WARN_BOOL_CONVERSION = YES;
				CLANG_WARN_COMMA = YES;
				CLANG_WARN_CONSTANT_CONVERSION = YES;
				CLANG_WARN_DEPRECATED_OBJC_IMPLEMENTATIONS = YES;
				CLANG_WARN_DIRECT_OBJC_ISA_USAGE = YES_ERROR;
				CLANG_WARN_DOCUMENTATION_COMMENTS = YES;
				CLANG_WARN_EMPTY_BODY = YES;
				CLANG_WARN_ENUM_CONVERSION = YES;
				CLANG_WARN_INFINITE_RECURSION = YES;
				CLANG_WARN_INT_CONVERSION = YES;
				CLANG_WARN_NON_LITERAL_NULL_CONVERSION = YES;
				CLANG_WARN_OBJC_IMPLICIT_RETAIN_SELF = YES;
				CLANG_WARN_OBJC_LITERAL_CONVERSION = YES;
				CLANG_WARN_OBJC_ROOT_CLASS = YES_ERROR;
				CLANG_WARN_QUOTED_INCLUDE_IN_FRAMEWORK_HEADER = YES;
				CLANG_WARN_RANGE_LOOP_ANALYSIS = YES;
				CLANG_WARN_STRICT_PROTOTYPES = YES;
				CLANG_WARN_SUSPICIOUS_MOVE = YES;
				CLANG_WARN_UNGUARDED_AVAILABILITY = YES_AGGRESSIVE;
				CLANG_WARN_UNREACHABLE_CODE = YES;
				CLANG_WARN__DUPLICATE_METHOD_MATCH = YES;
				COPY_PHASE_STRIP = NO;
				DEAD_CODE_STRIPPING = YES;
				DEBUG_INFORMATION_FORMAT = dwarf;
				ENABLE_STRICT_OBJC_MSGSEND = YES;
				ENABLE_TESTABILITY = YES;
				GCC_C_LANGUAGE_STANDARD = gnu11;
				GCC_DYNAMIC_NO_PIC = NO;
				GCC_NO_COMMON_BLOCKS = YES;
				GCC_OPTIMIZATION_LEVEL = 0;
				GCC_PREPROCESSOR_DEFINITIONS = (
					"DEBUG=1",
					"$(inherited)",
				);
				GCC_WARN_64_TO_32_BIT_CONVERSION = YES;
				GCC_WARN_ABOUT_RETURN_TYPE = YES_ERROR;
				GCC_WARN_UNDECLARED_SELECTOR = YES;
				GCC_WARN_UNINITIALIZED_AUTOS = YES_AGGRESSIVE;
				GCC_WARN_UNUSED_FUNCTION = YES;
				GCC_WARN_UNUSED_VARIABLE = YES;
				IPHONEOS_DEPLOYMENT_TARGET = 15.0;
				MACOSX_DEPLOYMENT_TARGET = 12.3;
				MTL_ENABLE_DEBUG_INFO = INCLUDE_SOURCE;
				MTL_FAST_MATH = YES;
				ONLY_ACTIVE_ARCH = YES;
				SWIFT_ACTIVE_COMPILATION_CONDITIONS = DEBUG;
				SWIFT_OPTIMIZATION_LEVEL = "-Onone";
			};
			name = Debug;
		};
		E16BB29328E0F26000ABD2E0 /* Release */ = {
			isa = XCBuildConfiguration;
			buildSettings = {
				ALWAYS_SEARCH_USER_PATHS = NO;
				CLANG_ANALYZER_NONNULL = YES;
				CLANG_ANALYZER_NUMBER_OBJECT_CONVERSION = YES_AGGRESSIVE;
				CLANG_CXX_LANGUAGE_STANDARD = "gnu++20";
				CLANG_ENABLE_MODULES = YES;
				CLANG_ENABLE_OBJC_ARC = YES;
				CLANG_ENABLE_OBJC_WEAK = YES;
				CLANG_WARN_BLOCK_CAPTURE_AUTORELEASING = YES;
				CLANG_WARN_BOOL_CONVERSION = YES;
				CLANG_WARN_COMMA = YES;
				CLANG_WARN_CONSTANT_CONVERSION = YES;
				CLANG_WARN_DEPRECATED_OBJC_IMPLEMENTATIONS = YES;
				CLANG_WARN_DIRECT_OBJC_ISA_USAGE = YES_ERROR;
				CLANG_WARN_DOCUMENTATION_COMMENTS = YES;
				CLANG_WARN_EMPTY_BODY = YES;
				CLANG_WARN_ENUM_CONVERSION = YES;
				CLANG_WARN_INFINITE_RECURSION = YES;
				CLANG_WARN_INT_CONVERSION = YES;
				CLANG_WARN_NON_LITERAL_NULL_CONVERSION = YES;
				CLANG_WARN_OBJC_IMPLICIT_RETAIN_SELF = YES;
				CLANG_WARN_OBJC_LITERAL_CONVERSION = YES;
				CLANG_WARN_OBJC_ROOT_CLASS = YES_ERROR;
				CLANG_WARN_QUOTED_INCLUDE_IN_FRAMEWORK_HEADER = YES;
				CLANG_WARN_RANGE_LOOP_ANALYSIS = YES;
				CLANG_WARN_STRICT_PROTOTYPES = YES;
				CLANG_WARN_SUSPICIOUS_MOVE = YES;
				CLANG_WARN_UNGUARDED_AVAILABILITY = YES_AGGRESSIVE;
				CLANG_WARN_UNREACHABLE_CODE = YES;
				CLANG_WARN__DUPLICATE_METHOD_MATCH = YES;
				COPY_PHASE_STRIP = NO;
				DEAD_CODE_STRIPPING = YES;
				DEBUG_INFORMATION_FORMAT = "dwarf-with-dsym";
				ENABLE_NS_ASSERTIONS = NO;
				ENABLE_STRICT_OBJC_MSGSEND = YES;
				GCC_C_LANGUAGE_STANDARD = gnu11;
				GCC_NO_COMMON_BLOCKS = YES;
				GCC_WARN_64_TO_32_BIT_CONVERSION = YES;
				GCC_WARN_ABOUT_RETURN_TYPE = YES_ERROR;
				GCC_WARN_UNDECLARED_SELECTOR = YES;
				GCC_WARN_UNINITIALIZED_AUTOS = YES_AGGRESSIVE;
				GCC_WARN_UNUSED_FUNCTION = YES;
				GCC_WARN_UNUSED_VARIABLE = YES;
				IPHONEOS_DEPLOYMENT_TARGET = 15.0;
				MACOSX_DEPLOYMENT_TARGET = 12.3;
				MTL_ENABLE_DEBUG_INFO = NO;
				MTL_FAST_MATH = YES;
				SWIFT_COMPILATION_MODE = wholemodule;
				SWIFT_OPTIMIZATION_LEVEL = "-O";
			};
			name = Release;
		};
		E16BB29528E0F26000ABD2E0 /* Debug */ = {
			isa = XCBuildConfiguration;
			buildSettings = {
				ASSETCATALOG_COMPILER_APPICON_NAME = AppIcon;
				ASSETCATALOG_COMPILER_GLOBAL_ACCENT_COLOR_NAME = AccentColor;
				CODE_SIGN_ENTITLEMENTS = Neuron/Neuron.entitlements;
				CODE_SIGN_IDENTITY = "-";
				"CODE_SIGN_IDENTITY[sdk=iphoneos*]" = "Apple Development";
				"CODE_SIGN_IDENTITY[sdk=macosx*]" = "-";
				CODE_SIGN_STYLE = Automatic;
				CURRENT_PROJECT_VERSION = 1;
				DEAD_CODE_STRIPPING = YES;
				DEVELOPMENT_ASSET_PATHS = "\"Neuron/Preview Content\"";
				DEVELOPMENT_TEAM = KP29D4PN3M;
				ENABLE_HARDENED_RUNTIME = YES;
				ENABLE_PREVIEWS = YES;
				GENERATE_INFOPLIST_FILE = YES;
				"INFOPLIST_KEY_UIApplicationSceneManifest_Generation[sdk=iphoneos*]" = YES;
				"INFOPLIST_KEY_UIApplicationSceneManifest_Generation[sdk=iphonesimulator*]" = YES;
				"INFOPLIST_KEY_UIApplicationSupportsIndirectInputEvents[sdk=iphoneos*]" = YES;
				"INFOPLIST_KEY_UIApplicationSupportsIndirectInputEvents[sdk=iphonesimulator*]" = YES;
				"INFOPLIST_KEY_UILaunchScreen_Generation[sdk=iphoneos*]" = YES;
				"INFOPLIST_KEY_UILaunchScreen_Generation[sdk=iphonesimulator*]" = YES;
				INFOPLIST_KEY_UIStatusBarStyle = "";
				"INFOPLIST_KEY_UIStatusBarStyle[sdk=iphoneos*]" = UIStatusBarStyleDefault;
				"INFOPLIST_KEY_UIStatusBarStyle[sdk=iphonesimulator*]" = UIStatusBarStyleDefault;
				INFOPLIST_KEY_UISupportedInterfaceOrientations = UIInterfaceOrientationPortrait;
				INFOPLIST_KEY_UISupportedInterfaceOrientations_iPad = "UIInterfaceOrientationLandscapeLeft UIInterfaceOrientationLandscapeRight UIInterfaceOrientationPortrait UIInterfaceOrientationPortraitUpsideDown";
				IPHONEOS_DEPLOYMENT_TARGET = 16.0;
				LD_RUNPATH_SEARCH_PATHS = "@executable_path/Frameworks";
				"LD_RUNPATH_SEARCH_PATHS[sdk=macosx*]" = "@executable_path/../Frameworks";
				MACOSX_DEPLOYMENT_TARGET = 12.3;
				MARKETING_VERSION = 1.0;
				PRODUCT_BUNDLE_IDENTIFIER = "NeKo-Tech.Neuron";
				PRODUCT_NAME = "$(TARGET_NAME)";
				SDKROOT = auto;
				SUPPORTED_PLATFORMS = "iphoneos iphonesimulator macosx";
				SWIFT_EMIT_LOC_STRINGS = YES;
				SWIFT_VERSION = 5.0;
				TARGETED_DEVICE_FAMILY = "1,2";
			};
			name = Debug;
		};
		E16BB29628E0F26000ABD2E0 /* Release */ = {
			isa = XCBuildConfiguration;
			buildSettings = {
				ASSETCATALOG_COMPILER_APPICON_NAME = AppIcon;
				ASSETCATALOG_COMPILER_GLOBAL_ACCENT_COLOR_NAME = AccentColor;
				CODE_SIGN_ENTITLEMENTS = Neuron/Neuron.entitlements;
				CODE_SIGN_IDENTITY = "-";
				"CODE_SIGN_IDENTITY[sdk=iphoneos*]" = "Apple Development";
				"CODE_SIGN_IDENTITY[sdk=macosx*]" = "-";
				CODE_SIGN_STYLE = Automatic;
				CURRENT_PROJECT_VERSION = 1;
				DEAD_CODE_STRIPPING = YES;
				DEVELOPMENT_ASSET_PATHS = "\"Neuron/Preview Content\"";
				DEVELOPMENT_TEAM = KP29D4PN3M;
				ENABLE_HARDENED_RUNTIME = YES;
				ENABLE_PREVIEWS = YES;
				GENERATE_INFOPLIST_FILE = YES;
				"INFOPLIST_KEY_UIApplicationSceneManifest_Generation[sdk=iphoneos*]" = YES;
				"INFOPLIST_KEY_UIApplicationSceneManifest_Generation[sdk=iphonesimulator*]" = YES;
				"INFOPLIST_KEY_UIApplicationSupportsIndirectInputEvents[sdk=iphoneos*]" = YES;
				"INFOPLIST_KEY_UIApplicationSupportsIndirectInputEvents[sdk=iphonesimulator*]" = YES;
				"INFOPLIST_KEY_UILaunchScreen_Generation[sdk=iphoneos*]" = YES;
				"INFOPLIST_KEY_UILaunchScreen_Generation[sdk=iphonesimulator*]" = YES;
				INFOPLIST_KEY_UIStatusBarStyle = "";
				"INFOPLIST_KEY_UIStatusBarStyle[sdk=iphoneos*]" = UIStatusBarStyleDefault;
				"INFOPLIST_KEY_UIStatusBarStyle[sdk=iphonesimulator*]" = UIStatusBarStyleDefault;
				INFOPLIST_KEY_UISupportedInterfaceOrientations = UIInterfaceOrientationPortrait;
				INFOPLIST_KEY_UISupportedInterfaceOrientations_iPad = "UIInterfaceOrientationLandscapeLeft UIInterfaceOrientationLandscapeRight UIInterfaceOrientationPortrait UIInterfaceOrientationPortraitUpsideDown";
				IPHONEOS_DEPLOYMENT_TARGET = 16.0;
				LD_RUNPATH_SEARCH_PATHS = "@executable_path/Frameworks";
				"LD_RUNPATH_SEARCH_PATHS[sdk=macosx*]" = "@executable_path/../Frameworks";
				MACOSX_DEPLOYMENT_TARGET = 12.3;
				MARKETING_VERSION = 1.0;
				PRODUCT_BUNDLE_IDENTIFIER = "NeKo-Tech.Neuron";
				PRODUCT_NAME = "$(TARGET_NAME)";
				SDKROOT = auto;
				SUPPORTED_PLATFORMS = "iphoneos iphonesimulator macosx";
				SWIFT_EMIT_LOC_STRINGS = YES;
				SWIFT_VERSION = 5.0;
				TARGETED_DEVICE_FAMILY = "1,2";
			};
			name = Release;
		};
		E16BB29828E0F26000ABD2E0 /* Debug */ = {
			isa = XCBuildConfiguration;
			buildSettings = {
				ALWAYS_EMBED_SWIFT_STANDARD_LIBRARIES = YES;
				BUNDLE_LOADER = "$(TEST_HOST)";
				CODE_SIGN_STYLE = Automatic;
				CURRENT_PROJECT_VERSION = 1;
				DEAD_CODE_STRIPPING = YES;
				DEVELOPMENT_TEAM = KP29D4PN3M;
				GENERATE_INFOPLIST_FILE = YES;
				IPHONEOS_DEPLOYMENT_TARGET = 16.0;
				MACOSX_DEPLOYMENT_TARGET = 12.3;
				MARKETING_VERSION = 1.0;
				PRODUCT_BUNDLE_IDENTIFIER = "NeKo-Tech.NeuronTests";
				PRODUCT_NAME = "$(TARGET_NAME)";
				SDKROOT = auto;
				SUPPORTED_PLATFORMS = "iphoneos iphonesimulator macosx";
				SWIFT_EMIT_LOC_STRINGS = NO;
				SWIFT_VERSION = 5.0;
				TARGETED_DEVICE_FAMILY = "1,2";
				TEST_HOST = "$(BUILT_PRODUCTS_DIR)/Neuron.app/$(BUNDLE_EXECUTABLE_FOLDER_PATH)/Neuron";
			};
			name = Debug;
		};
		E16BB29928E0F26000ABD2E0 /* Release */ = {
			isa = XCBuildConfiguration;
			buildSettings = {
				ALWAYS_EMBED_SWIFT_STANDARD_LIBRARIES = YES;
				BUNDLE_LOADER = "$(TEST_HOST)";
				CODE_SIGN_STYLE = Automatic;
				CURRENT_PROJECT_VERSION = 1;
				DEAD_CODE_STRIPPING = YES;
				DEVELOPMENT_TEAM = KP29D4PN3M;
				GENERATE_INFOPLIST_FILE = YES;
				IPHONEOS_DEPLOYMENT_TARGET = 16.0;
				MACOSX_DEPLOYMENT_TARGET = 12.3;
				MARKETING_VERSION = 1.0;
				PRODUCT_BUNDLE_IDENTIFIER = "NeKo-Tech.NeuronTests";
				PRODUCT_NAME = "$(TARGET_NAME)";
				SDKROOT = auto;
				SUPPORTED_PLATFORMS = "iphoneos iphonesimulator macosx";
				SWIFT_EMIT_LOC_STRINGS = NO;
				SWIFT_VERSION = 5.0;
				TARGETED_DEVICE_FAMILY = "1,2";
				TEST_HOST = "$(BUILT_PRODUCTS_DIR)/Neuron.app/$(BUNDLE_EXECUTABLE_FOLDER_PATH)/Neuron";
			};
			name = Release;
		};
		E16BB29B28E0F26000ABD2E0 /* Debug */ = {
			isa = XCBuildConfiguration;
			buildSettings = {
				ALWAYS_EMBED_SWIFT_STANDARD_LIBRARIES = YES;
				CODE_SIGN_STYLE = Automatic;
				CURRENT_PROJECT_VERSION = 1;
				DEAD_CODE_STRIPPING = YES;
				DEVELOPMENT_TEAM = KP29D4PN3M;
				GENERATE_INFOPLIST_FILE = YES;
				IPHONEOS_DEPLOYMENT_TARGET = 16.0;
				MACOSX_DEPLOYMENT_TARGET = 12.3;
				MARKETING_VERSION = 1.0;
				PRODUCT_BUNDLE_IDENTIFIER = "NeKo-Tech.NeuronUITests";
				PRODUCT_NAME = "$(TARGET_NAME)";
				SDKROOT = auto;
				SUPPORTED_PLATFORMS = "iphoneos iphonesimulator macosx";
				SWIFT_EMIT_LOC_STRINGS = NO;
				SWIFT_VERSION = 5.0;
				TARGETED_DEVICE_FAMILY = "1,2";
				TEST_TARGET_NAME = Neuron;
			};
			name = Debug;
		};
		E16BB29C28E0F26000ABD2E0 /* Release */ = {
			isa = XCBuildConfiguration;
			buildSettings = {
				ALWAYS_EMBED_SWIFT_STANDARD_LIBRARIES = YES;
				CODE_SIGN_STYLE = Automatic;
				CURRENT_PROJECT_VERSION = 1;
				DEAD_CODE_STRIPPING = YES;
				DEVELOPMENT_TEAM = KP29D4PN3M;
				GENERATE_INFOPLIST_FILE = YES;
				IPHONEOS_DEPLOYMENT_TARGET = 16.0;
				MACOSX_DEPLOYMENT_TARGET = 12.3;
				MARKETING_VERSION = 1.0;
				PRODUCT_BUNDLE_IDENTIFIER = "NeKo-Tech.NeuronUITests";
				PRODUCT_NAME = "$(TARGET_NAME)";
				SDKROOT = auto;
				SUPPORTED_PLATFORMS = "iphoneos iphonesimulator macosx";
				SWIFT_EMIT_LOC_STRINGS = NO;
				SWIFT_VERSION = 5.0;
				TARGETED_DEVICE_FAMILY = "1,2";
				TEST_TARGET_NAME = Neuron;
			};
			name = Release;
		};
/* End XCBuildConfiguration section */

/* Begin XCConfigurationList section */
		E16BB26528E0F25F00ABD2E0 /* Build configuration list for PBXProject "Neuron" */ = {
			isa = XCConfigurationList;
			buildConfigurations = (
				E16BB29228E0F26000ABD2E0 /* Debug */,
				E16BB29328E0F26000ABD2E0 /* Release */,
			);
			defaultConfigurationIsVisible = 0;
			defaultConfigurationName = Release;
		};
		E16BB29428E0F26000ABD2E0 /* Build configuration list for PBXNativeTarget "Neuron" */ = {
			isa = XCConfigurationList;
			buildConfigurations = (
				E16BB29528E0F26000ABD2E0 /* Debug */,
				E16BB29628E0F26000ABD2E0 /* Release */,
			);
			defaultConfigurationIsVisible = 0;
			defaultConfigurationName = Release;
		};
		E16BB29728E0F26000ABD2E0 /* Build configuration list for PBXNativeTarget "NeuronTests" */ = {
			isa = XCConfigurationList;
			buildConfigurations = (
				E16BB29828E0F26000ABD2E0 /* Debug */,
				E16BB29928E0F26000ABD2E0 /* Release */,
			);
			defaultConfigurationIsVisible = 0;
			defaultConfigurationName = Release;
		};
		E16BB29A28E0F26000ABD2E0 /* Build configuration list for PBXNativeTarget "NeuronUITests" */ = {
			isa = XCConfigurationList;
			buildConfigurations = (
				E16BB29B28E0F26000ABD2E0 /* Debug */,
				E16BB29C28E0F26000ABD2E0 /* Release */,
			);
			defaultConfigurationIsVisible = 0;
			defaultConfigurationName = Release;
		};
/* End XCConfigurationList section */

/* Begin XCSwiftPackageProductDependency section */
		E132A9952995BED60093A4CD /* AWCalendar */ = {
			isa = XCSwiftPackageProductDependency;
			productName = AWCalendar;
		};
/* End XCSwiftPackageProductDependency section */

/* Begin XCVersionGroup section */
		E16BB27128E0F25F00ABD2E0 /* Neuron.xcdatamodeld */ = {
			isa = XCVersionGroup;
			children = (
				E16BB27228E0F25F00ABD2E0 /* Neuron.xcdatamodel */,
			);
			currentVersion = E16BB27228E0F25F00ABD2E0 /* Neuron.xcdatamodel */;
			path = Neuron.xcdatamodeld;
			sourceTree = "<group>";
			versionGroupType = wrapper.xcdatamodel;
		};
/* End XCVersionGroup section */
	};
	rootObject = E16BB26228E0F25F00ABD2E0 /* Project object */;
}
